
Microsoft Visual Studio Solution File, Format Version 12.00
# Visual Studio Version 17
VisualStudioVersion = 17.4.33213.308
MinimumVisualStudioVersion = 10.0.40219.1
Project("{FAE04EC0-301F-11D3-BF4B-00C04F79EFBC}") = "MyBudget.Domain", "MyBudget.Domain\MyBudget.Domain.csproj", "{A59D239F-F4EB-4D32-89EC-57D4837FEE7D}"
EndProject
Project("{FAE04EC0-301F-11D3-BF4B-00C04F79EFBC}") = "MyBudget.Shared", "MyBudget.Shared\MyBudget.Shared.csproj", "{F03918F5-E219-452B-ACE8-576BD550043C}"
EndProject
Project("{FAE04EC0-301F-11D3-BF4B-00C04F79EFBC}") = "MyBudget.Application", "MyBudget.Application\MyBudget.Application.csproj", "{46F51D21-0D39-44EE-93C7-22A6618D0ACA}"
EndProject
Project("{FAE04EC0-301F-11D3-BF4B-00C04F79EFBC}") = "MyBudget.Infra.Shared", "MyBudget.Infra.Shared\MyBudget.Infra.Shared.csproj", "{368E7E47-D891-40FE-997B-5759E18CE76A}"
EndProject
Project("{FAE04EC0-301F-11D3-BF4B-00C04F79EFBC}") = "MyBudget.Infrastructure", "MyBudget.Infrastructure\MyBudget.Infrastructure.csproj", "{1AA7FD72-FDD9-49B7-98A4-0332B667CCB1}"
EndProject
Project("{FAE04EC0-301F-11D3-BF4B-00C04F79EFBC}") = "MyBudget.API", "MyBudget.API\MyBudget.API.csproj", "{B4B181D8-75A5-4A58-BF5F-68E87C904306}"
EndProject
Project("{FAE04EC0-301F-11D3-BF4B-00C04F79EFBC}") = "MyBudget.UI.Infrastructure", "MyBudget.UI.Infrastructure\MyBudget.UI.Infrastructure.csproj", "{423143BB-53A5-44F8-B43A-7AF06F896C4B}"
EndProject
Project("{FAE04EC0-301F-11D3-BF4B-00C04F79EFBC}") = "MyBudget.MAUI", "MyBudget.MAUI\MyBudget.MAUI.csproj", "{D33FF5E7-5045-4AC5-897B-C3547775DFDF}"
EndProject
Project("{2150E333-8FDC-42A3-9474-1A3956D46DE8}") = "Core", "Core", "{BD7141F7-F0E6-458B-8784-CC87F67FECCA}"
EndProject
Project("{2150E333-8FDC-42A3-9474-1A3956D46DE8}") = "Common", "Common", "{C0E44585-875A-4D1F-90D8-0095142CB87B}"
EndProject
Project("{2150E333-8FDC-42A3-9474-1A3956D46DE8}") = "Infra", "Infra", "{21F251F1-F869-4DE8-9EEA-CE6D9D875A46}"
EndProject
Project("{2150E333-8FDC-42A3-9474-1A3956D46DE8}") = "Server", "Server", "{3485AD2C-C73D-443F-ACB6-B875B4C355DB}"
EndProject
Project("{2150E333-8FDC-42A3-9474-1A3956D46DE8}") = "Client", "Client", "{2B74CCAE-690A-4072-9279-E35D95F0B2DC}"
EndProject
Global
	GlobalSection(SolutionConfigurationPlatforms) = preSolution
		Debug|Any CPU = Debug|Any CPU
		Release|Any CPU = Release|Any CPU
	EndGlobalSection
	GlobalSection(ProjectConfigurationPlatforms) = postSolution
		{A59D239F-F4EB-4D32-89EC-57D4837FEE7D}.Debug|Any CPU.ActiveCfg = Debug|Any CPU
		{A59D239F-F4EB-4D32-89EC-57D4837FEE7D}.Debug|Any CPU.Build.0 = Debug|Any CPU
		{A59D239F-F4EB-4D32-89EC-57D4837FEE7D}.Release|Any CPU.ActiveCfg = Release|Any CPU
		{A59D239F-F4EB-4D32-89EC-57D4837FEE7D}.Release|Any CPU.Build.0 = Release|Any CPU
		{F03918F5-E219-452B-ACE8-576BD550043C}.Debug|Any CPU.ActiveCfg = Debug|Any CPU
		{F03918F5-E219-452B-ACE8-576BD550043C}.Debug|Any CPU.Build.0 = Debug|Any CPU
		{F03918F5-E219-452B-ACE8-576BD550043C}.Release|Any CPU.ActiveCfg = Release|Any CPU
		{F03918F5-E219-452B-ACE8-576BD550043C}.Release|Any CPU.Build.0 = Release|Any CPU
		{46F51D21-0D39-44EE-93C7-22A6618D0ACA}.Debug|Any CPU.ActiveCfg = Debug|Any CPU
		{46F51D21-0D39-44EE-93C7-22A6618D0ACA}.Debug|Any CPU.Build.0 = Debug|Any CPU
		{46F51D21-0D39-44EE-93C7-22A6618D0ACA}.Release|Any CPU.ActiveCfg = Release|Any CPU
		{46F51D21-0D39-44EE-93C7-22A6618D0ACA}.Release|Any CPU.Build.0 = Release|Any CPU
		{368E7E47-D891-40FE-997B-5759E18CE76A}.Debug|Any CPU.ActiveCfg = Debug|Any CPU
		{368E7E47-D891-40FE-997B-5759E18CE76A}.Debug|Any CPU.Build.0 = Debug|Any CPU
		{368E7E47-D891-40FE-997B-5759E18CE76A}.Release|Any CPU.ActiveCfg = Release|Any CPU
		{368E7E47-D891-40FE-997B-5759E18CE76A}.Release|Any CPU.Build.0 = Release|Any CPU
		{1AA7FD72-FDD9-49B7-98A4-0332B667CCB1}.Debug|Any CPU.ActiveCfg = Debug|Any CPU
		{1AA7FD72-FDD9-49B7-98A4-0332B667CCB1}.Debug|Any CPU.Build.0 = Debug|Any CPU
		{1AA7FD72-FDD9-49B7-98A4-0332B667CCB1}.Release|Any CPU.ActiveCfg = Release|Any CPU
		{1AA7FD72-FDD9-49B7-98A4-0332B667CCB1}.Release|Any CPU.Build.0 = Release|Any CPU
		{B4B181D8-75A5-4A58-BF5F-68E87C904306}.Debug|Any CPU.ActiveCfg = Debug|Any CPU
		{B4B181D8-75A5-4A58-BF5F-68E87C904306}.Debug|Any CPU.Build.0 = Debug|Any CPU
		{B4B181D8-75A5-4A58-BF5F-68E87C904306}.Release|Any CPU.ActiveCfg = Release|Any CPU
		{B4B181D8-75A5-4A58-BF5F-68E87C904306}.Release|Any CPU.Build.0 = Release|Any CPU
		{423143BB-53A5-44F8-B43A-7AF06F896C4B}.Debug|Any CPU.ActiveCfg = Debug|Any CPU
		{423143BB-53A5-44F8-B43A-7AF06F896C4B}.Debug|Any CPU.Build.0 = Debug|Any CPU
		{423143BB-53A5-44F8-B43A-7AF06F896C4B}.Release|Any CPU.ActiveCfg = Release|Any CPU
		{423143BB-53A5-44F8-B43A-7AF06F896C4B}.Release|Any CPU.Build.0 = Release|Any CPU
		{D33FF5E7-5045-4AC5-897B-C3547775DFDF}.Debug|Any CPU.ActiveCfg = Debug|Any CPU
		{D33FF5E7-5045-4AC5-897B-C3547775DFDF}.Debug|Any CPU.Build.0 = Debug|Any CPU
		{D33FF5E7-5045-4AC5-897B-C3547775DFDF}.Debug|Any CPU.Deploy.0 = Debug|Any CPU
		{D33FF5E7-5045-4AC5-897B-C3547775DFDF}.Release|Any CPU.ActiveCfg = Release|Any CPU
		{D33FF5E7-5045-4AC5-897B-C3547775DFDF}.Release|Any CPU.Build.0 = Release|Any CPU
		{D33FF5E7-5045-4AC5-897B-C3547775DFDF}.Release|Any CPU.Deploy.0 = Release|Any CPU
	EndGlobalSection
	GlobalSection(SolutionProperties) = preSolution
		HideSolutionNode = FALSE
	EndGlobalSection
	GlobalSection(NestedProjects) = preSolution
		{A59D239F-F4EB-4D32-89EC-57D4837FEE7D} = {BD7141F7-F0E6-458B-8784-CC87F67FECCA}
		{F03918F5-E219-452B-ACE8-576BD550043C} = {C0E44585-875A-4D1F-90D8-0095142CB87B}
		{46F51D21-0D39-44EE-93C7-22A6618D0ACA} = {BD7141F7-F0E6-458B-8784-CC87F67FECCA}
		{368E7E47-D891-40FE-997B-5759E18CE76A} = {21F251F1-F869-4DE8-9EEA-CE6D9D875A46}
		{1AA7FD72-FDD9-49B7-98A4-0332B667CCB1} = {21F251F1-F869-4DE8-9EEA-CE6D9D875A46}
		{B4B181D8-75A5-4A58-BF5F-68E87C904306} = {3485AD2C-C73D-443F-ACB6-B875B4C355DB}
		{423143BB-53A5-44F8-B43A-7AF06F896C4B} = {2B74CCAE-690A-4072-9279-E35D95F0B2DC}
		{D33FF5E7-5045-4AC5-897B-C3547775DFDF} = {2B74CCAE-690A-4072-9279-E35D95F0B2DC}
	EndGlobalSection
	GlobalSection(ExtensibilityGlobals) = postSolution
		SolutionGuid = {D6448586-CBC1-46BA-9973-CA7341BC9564}
	EndGlobalSection
EndGlobal
